
Microsoft Visual Studio Solution File, Format Version 12.00
# Visual Studio 15
VisualStudioVersion = 15.0.26228.57
MinimumVisualStudioVersion = 10.0.40219.1
Project("{FAE04EC0-301F-11D3-BF4B-00C04F79EFBC}") = "ConsoleAppTraining", "ConsoleAppTraining\ConsoleAppTraining.csproj", "{14AC7BBB-FF80-47D2-8080-5F7AB61F8401}"
EndProject
Project("{FAE04EC0-301F-11D3-BF4B-00C04F79EFBC}") = "DynamicsConnection", "DynamicsConnection\DynamicsConnection.csproj", "{74BF881A-A08C-4AE1-9315-B3033876F40D}"
EndProject
Project("{FAE04EC0-301F-11D3-BF4B-00C04F79EFBC}") = "DynamicsBusinessLogic", "DynamicsBusinessLogic\DynamicsBusinessLogic.csproj", "{6F9B072A-ACB6-422F-97EC-72A82E89266C}"
EndProject
Project("{FAE04EC0-301F-11D3-BF4B-00C04F79EFBC}") = "DynamicsDataAccess", "DynamicsDataAccess\DynamicsDataAccess.csproj", "{52DA0518-470D-4A3D-99EE-6DF71EB5B0F9}"
EndProject
Project("{FAE04EC0-301F-11D3-BF4B-00C04F79EFBC}") = "DynamicsModel", "DynamicsModel\DynamicsModel.csproj", "{95CAED1C-C3C9-4CE2-AC52-C92863A1EC1F}"
EndProject
Project("{FAE04EC0-301F-11D3-BF4B-00C04F79EFBC}") = "DynamicsEntityToXml", "DynamicsEntityToXml\DynamicsEntityToXml.csproj", "{8D8212B7-4EA7-4B17-B807-64B89D8BBF63}"
EndProject
Project("{FAE04EC0-301F-11D3-BF4B-00C04F79EFBC}") = "Logger", "Logger\Logger.csproj", "{7623CAC6-6ACB-46C0-A45E-37E4C267ADE8}"
EndProject
Global
	GlobalSection(SolutionConfigurationPlatforms) = preSolution
		Debug|Any CPU = Debug|Any CPU
		Release|Any CPU = Release|Any CPU
	EndGlobalSection
	GlobalSection(ProjectConfigurationPlatforms) = postSolution
		{14AC7BBB-FF80-47D2-8080-5F7AB61F8401}.Debug|Any CPU.ActiveCfg = Debug|Any CPU
		{14AC7BBB-FF80-47D2-8080-5F7AB61F8401}.Debug|Any CPU.Build.0 = Debug|Any CPU
		{14AC7BBB-FF80-47D2-8080-5F7AB61F8401}.Release|Any CPU.ActiveCfg = Release|Any CPU
		{14AC7BBB-FF80-47D2-8080-5F7AB61F8401}.Release|Any CPU.Build.0 = Release|Any CPU
		{74BF881A-A08C-4AE1-9315-B3033876F40D}.Debug|Any CPU.ActiveCfg = Debug|Any CPU
		{74BF881A-A08C-4AE1-9315-B3033876F40D}.Debug|Any CPU.Build.0 = Debug|Any CPU
		{74BF881A-A08C-4AE1-9315-B3033876F40D}.Release|Any CPU.ActiveCfg = Release|Any CPU
		{74BF881A-A08C-4AE1-9315-B3033876F40D}.Release|Any CPU.Build.0 = Release|Any CPU
		{6F9B072A-ACB6-422F-97EC-72A82E89266C}.Debug|Any CPU.ActiveCfg = Debug|Any CPU
		{6F9B072A-ACB6-422F-97EC-72A82E89266C}.Debug|Any CPU.Build.0 = Debug|Any CPU
		{6F9B072A-ACB6-422F-97EC-72A82E89266C}.Release|Any CPU.ActiveCfg = Release|Any CPU
		{6F9B072A-ACB6-422F-97EC-72A82E89266C}.Release|Any CPU.Build.0 = Release|Any CPU
		{52DA0518-470D-4A3D-99EE-6DF71EB5B0F9}.Debug|Any CPU.ActiveCfg = Debug|Any CPU
		{52DA0518-470D-4A3D-99EE-6DF71EB5B0F9}.Debug|Any CPU.Build.0 = Debug|Any CPU
		{52DA0518-470D-4A3D-99EE-6DF71EB5B0F9}.Release|Any CPU.ActiveCfg = Release|Any CPU
		{52DA0518-470D-4A3D-99EE-6DF71EB5B0F9}.Release|Any CPU.Build.0 = Release|Any CPU
		{95CAED1C-C3C9-4CE2-AC52-C92863A1EC1F}.Debug|Any CPU.ActiveCfg = Debug|Any CPU
		{95CAED1C-C3C9-4CE2-AC52-C92863A1EC1F}.Debug|Any CPU.Build.0 = Debug|Any CPU
		{95CAED1C-C3C9-4CE2-AC52-C92863A1EC1F}.Release|Any CPU.ActiveCfg = Release|Any CPU
		{95CAED1C-C3C9-4CE2-AC52-C92863A1EC1F}.Release|Any CPU.Build.0 = Release|Any CPU
		{8D8212B7-4EA7-4B17-B807-64B89D8BBF63}.Debug|Any CPU.ActiveCfg = Debug|Any CPU
		{8D8212B7-4EA7-4B17-B807-64B89D8BBF63}.Debug|Any CPU.Build.0 = Debug|Any CPU
		{8D8212B7-4EA7-4B17-B807-64B89D8BBF63}.Release|Any CPU.ActiveCfg = Release|Any CPU
		{8D8212B7-4EA7-4B17-B807-64B89D8BBF63}.Release|Any CPU.Build.0 = Release|Any CPU
		{7623CAC6-6ACB-46C0-A45E-37E4C267ADE8}.Debug|Any CPU.ActiveCfg = Debug|Any CPU
		{7623CAC6-6ACB-46C0-A45E-37E4C267ADE8}.Debug|Any CPU.Build.0 = Debug|Any CPU
		{7623CAC6-6ACB-46C0-A45E-37E4C267ADE8}.Release|Any CPU.ActiveCfg = Release|Any CPU
		{7623CAC6-6ACB-46C0-A45E-37E4C267ADE8}.Release|Any CPU.Build.0 = Release|Any CPU
	EndGlobalSection
	GlobalSection(SolutionProperties) = preSolution
		HideSolutionNode = FALSE
	EndGlobalSection
EndGlobal
